
Microsoft Visual Studio Solution File, Format Version 12.00
# Visual Studio Version 16
VisualStudioVersion = 16.0.29230.47
MinimumVisualStudioVersion = 10.0.40219.1
Project("{9A19103F-16F7-4668-BE54-9A1E7A4F7556}") = "RabbitMQ_QueueCreator", "RabbitMQ_Test\RabbitMQ_QueueCreator.csproj", "{DD8AB398-8A93-4C1E-B8BE-BCD63222221F}"
EndProject
Project("{9A19103F-16F7-4668-BE54-9A1E7A4F7556}") = "MessagePublisher", "MessagePublisher\MessagePublisher.csproj", "{2219C07A-7855-46A2-9B94-BD48B88C5392}"
EndProject
Project("{9A19103F-16F7-4668-BE54-9A1E7A4F7556}") = "ConsumerMessage", "ConsumerMessage\ConsumerMessage.csproj", "{8524D37F-D833-47F2-BA85-E04ECA74AB73}"
EndProject
Project("{FAE04EC0-301F-11D3-BF4B-00C04F79EFBC}") = "Classes", "Classes\Classes.csproj", "{63B8DCBE-860A-4207-927D-D0D7FC263B8A}"
EndProject
Global
	GlobalSection(SolutionConfigurationPlatforms) = preSolution
		Debug|Any CPU = Debug|Any CPU
		Release|Any CPU = Release|Any CPU
	EndGlobalSection
	GlobalSection(ProjectConfigurationPlatforms) = postSolution
		{DD8AB398-8A93-4C1E-B8BE-BCD63222221F}.Debug|Any CPU.ActiveCfg = Debug|Any CPU
		{DD8AB398-8A93-4C1E-B8BE-BCD63222221F}.Debug|Any CPU.Build.0 = Debug|Any CPU
		{DD8AB398-8A93-4C1E-B8BE-BCD63222221F}.Release|Any CPU.ActiveCfg = Release|Any CPU
		{DD8AB398-8A93-4C1E-B8BE-BCD63222221F}.Release|Any CPU.Build.0 = Release|Any CPU
		{2219C07A-7855-46A2-9B94-BD48B88C5392}.Debug|Any CPU.ActiveCfg = Debug|Any CPU
		{2219C07A-7855-46A2-9B94-BD48B88C5392}.Debug|Any CPU.Build.0 = Debug|Any CPU
		{2219C07A-7855-46A2-9B94-BD48B88C5392}.Release|Any CPU.ActiveCfg = Release|Any CPU
		{2219C07A-7855-46A2-9B94-BD48B88C5392}.Release|Any CPU.Build.0 = Release|Any CPU
		{8524D37F-D833-47F2-BA85-E04ECA74AB73}.Debug|Any CPU.ActiveCfg = Debug|Any CPU
		{8524D37F-D833-47F2-BA85-E04ECA74AB73}.Debug|Any CPU.Build.0 = Debug|Any CPU
		{8524D37F-D833-47F2-BA85-E04ECA74AB73}.Release|Any CPU.ActiveCfg = Release|Any CPU
		{8524D37F-D833-47F2-BA85-E04ECA74AB73}.Release|Any CPU.Build.0 = Release|Any CPU
		{63B8DCBE-860A-4207-927D-D0D7FC263B8A}.Debug|Any CPU.ActiveCfg = Debug|Any CPU
		{63B8DCBE-860A-4207-927D-D0D7FC263B8A}.Debug|Any CPU.Build.0 = Debug|Any CPU
		{63B8DCBE-860A-4207-927D-D0D7FC263B8A}.Release|Any CPU.ActiveCfg = Release|Any CPU
		{63B8DCBE-860A-4207-927D-D0D7FC263B8A}.Release|Any CPU.Build.0 = Release|Any CPU
	EndGlobalSection
	GlobalSection(SolutionProperties) = preSolution
		HideSolutionNode = FALSE
	EndGlobalSection
	GlobalSection(ExtensibilityGlobals) = postSolution
		SolutionGuid = {912E45CA-70BA-4A17-86B4-FE90CC712581}
	EndGlobalSection
EndGlobal
